github.com/davecgh/go-spew v1.1.0/go.mod h1:J7Y8YcW2NihsgmVo/mv3lAwl/skON4iLHjSsI+c5H38=
github.com/disintegration/imaging v1.6.0 h1:nVPXRUUQ36Z7MNf0O77UzgnOb1mkMMor7lmJMJXc/mA=
github.com/disintegration/imaging v1.6.0/go.mod h1:xuIt+sRxDFrHS0drzXUlCJthkJ8k7lkkUojDSR247MQ=
github.com/gabriel-vasile/mimetype v0.3.2 h1:mxx8msO00HORaAKgVGNx1M72gNk28bycsLs0iISPyKI=
github.com/gabriel-vasile/mimetype v0.3.2/go.mod h1:kMJbg3SlWZCsj4R73F1WDzbT9AyGCOVmUtIxxwO5pmI=
github.com/gabriel-vasile/mimetype v0.3.14/go.mod h1:kMJbg3SlWZCsj4R73F1WDzbT9AyGCOVmUtIxxwO5pmI=
github.com/gabriel-vasile/mimetype v0.3.15 h1:qSK8E/VAF4pxtkxqarYRAVvYNDyCFJXKAYAyGNcESII=
github.com/gabriel-vasile/mimetype v0.3.15/go.mod h1:kMJbg3SlWZCsj4R73F1WDzbT9AyGCOVmUtIxxwO5pmI=
github.com/go-ini/ini v1.42.0 h1:TWr1wGj35+UiWHlBA8er89seFXxzwFn11spilrrj+38=
github.com/go-ini/ini v1.42.0/go.mod h1:ByCAeIL28uOIIG0E3PJtZPDL8WnHpFKFOtgjp+3Ies8=
github.com/go-ini/ini v1.44.0 h1:8+SRbfpRFlIunpSum4BEf1ClTtVjOgKzgBv9pHFkI6w=
github.com/go-ini/ini v1.44.0/go.mod h1:ByCAeIL28uOIIG0E3PJtZPDL8WnHpFKFOtgjp+3Ies8=
github.com/h2non/filetype v1.0.8 h1:le8gpf+FQA0/DlDABbtisA1KiTS0Xi+YSC/E8yY3Y14=
github.com/h2non/filetype v1.0.8/go.mod h1:isekKqOuhMj+s/7r3rIeTErIRy4Rub5uBWHfvMusLMU=
github.com/hhrutter/pdfcpu v0.1.25 h1:PBz8IRAl2tVwVV09IC981NWQDq6Nb1pZDhgTFFecfAY=
github.com/hhrutter/pdfcpu v0.1.25/go.mod h1:vRp7lzKvxF4+7VgBPjNxSuArQafA247dnd1LepVM+DE=
github.com/kardianos/service v1.0.0 h1:HgQS3mFfOlyntWX8Oke98JcJLqt1DBcHR4kxShpYef0=
github.com/kardianos/service v1.0.0/go.mod h1:8CzDhVuCuugtsHyZoTvsOBuvonN/UDBvl0kH+BUxvbo=
github.com/mpetavy/common v1.1.2 h1:WYN8dvRKFE8cjqjeG373ronH0KEr0sfOg18RK6F3y9M=
github.com/mpetavy/common v1.1.2/go.mod h1:Pr2ftCuF+ygR7/L3/tdVh+s++xYBCpr6sBBbe2YOIqo=
github.com/mpetavy/common v1.1.3 h1:2RBd7r7daDn6TVPJXgIFkCfl+SCOp+KHPOMWdRddkAQ=
github.com/mpetavy/common v1.1.3/go.mod h1:iG01I8ES6ontqiqLvL5imftFkEV1pnTxi3Sv2R0VvDY=
github.com/mpetavy/common v1.1.4 h1:Q/Nxjh/Zu1tWefPyiheUdyLle+IlWLhkGXi3DxXRlks=
github.com/mpetavy/common v1.1.4/go.mod h1:iG01I8ES6ontqiqLvL5imftFkEV1pnTxi3Sv2R0VvDY=
github.com/mpetavy/common v1.1.5 h1:OpIBlYaOket87Fov1tq4ri2tIZ4q6GlHfvcrdkZni1Q=
github.com/mpetavy/common v1.1.5/go.mod h1:iG01I8ES6ontqiqLvL5imftFkEV1pnTxi3Sv2R0VvDY=
github.com/paulrosania/go-charset v0.0.0-20190326053356-55c9d7a5834c h1:P6XGcuPTigoHf4TSu+3D/7QOQ1MbL6alNwrGhcW7sKw=
github.com/paulrosania/go-charset v0.0.0-20190326053356-55c9d7a5834c/go.mod h1:YnNlZP7l4MhyGQ4CBRwv6ohZTPrUJJZtEv4ZgADkbs4=
github.com/pkg/errors v0.8.1 h1:iURUrRGxPUNPdy5/HRSm+Yj6okJ6UtLINN0Q9M4+h3I=
github.com/pkg/errors v0.8.1/go.mod h1:bwawxfHBFNV+L2hUp1rHADufV3IMtnDRdf1r5NINEl0=
github.com/pmezard/go-difflib v1.0.0/go.mod h1:iKH77koFhYxTK1pcRnkKkqfTogsbg7gZNVY4sRDYZ/4=
github.com/stretchr/objx v0.1.0/go.mod h1:HFkY916IF+rwdDfMAkV7OtwuqBVzrE8GR6GFx+wExME=
github.com/stretchr/testify v1.3.0/go.mod h1:M5WIy9Dh21IEIfnGCwXGc5bZfKNJtfHm1UVUgZn+9EI=
golang.org/x/crypto v0.0.0-20190308221718-c2843e01d9a2/go.mod h1:djNgcEr1/C05ACkg1iLfiJU5Ep61QUkGW8qpdssI0+w=
golang.org/x/crypto v0.0.0-20190701094942-4def268fd1a4/go.mod h1:yigFU9vqHzYiE8UmvKecakEJjdnWj3jj499lnFckfCI=
golang.org/x/image v0.0.0-20180708004352-c73c2afc3b81 h1:00VmoueYNlNz/aHIilyyQz/MHSqGoWJzpFv/HW8xpzI=
golang.org/x/image v0.0.0-20180708004352-c73c2afc3b81/go.mod h1:ux5Hcp/YLpHSI86hEcLt0YII63i6oz57MZXIpbrjZUs=
golang.org/x/image v0.0.0-20190703141733-d6a02ce849c9 h1:uc17S921SPw5F2gJo7slQ3aqvr2RwpL7eb3+DZncu3s=
golang.org/x/image v0.0.0-20190703141733-d6a02ce849c9/go.mod h1:FeLwcggjj3mMvU+oOTbSwawSJRM1uh48EjtB4UJZlP0=
golang.org/x/net v0.0.0-20190404232315-eb5bcb51f2a3/go.mod h1:t9HGtf8HONx5eT2rtn7q6eTqICYqUVnKs3thJo3Qplg=
golang.org/x/net v0.0.0-20190620200207-3b0461eec859/go.mod h1:z5CRVTTTmAJ677TzLLGU+0bjPO0LkuOLi4/5GtJWs/s=
golang.org/x/net v0.0.0-20190628185345-da137c7871d7/go.mod h1:z5CRVTTTmAJ677TzLLGU+0bjPO0LkuOLi4/5GtJWs/s=
golang.org/x/sync v0.0.0-20190423024810-112230192c58/go.mod h1:RxMgew5VJxzue5/jJTE5uejpjVlOe/izrB70Jof72aM=
golang.org/x/sys v0.0.0-20190204203706-41f3e6584952 h1:FDfvYgoVsA7TTZSbgiqjAbfPbK47CNHdWl3h/PJtii0=
golang.org/x/sys v0.0.0-20190204203706-41f3e6584952/go.mod h1:STP8DvDyc/dI5b8T5hshtkjS+E42TnysNCUPdjciGhY=
golang.org/x/sys v0.0.0-20190215142949-d0b11bdaac8a/go.mod h1:STP8DvDyc/dI5b8T5hshtkjS+E42TnysNCUPdjciGhY=
golang.org/x/sys v0.0.0-20190412213103-97732733099d/go.mod h1:h1NjWce9XRLGQEsW7wpKNCjG9DtNlClVuFLEZdDNbEs=
golang.org/x/sys v0.0.0-20190710143415-6ec70d6a5542 h1:6ZQFf1D2YYDDI7eSwW8adlkkavTB9sw5I24FVtEvNUQ=
golang.org/x/sys v0.0.0-20190710143415-6ec70d6a5542/go.mod h1:h1NjWce9XRLGQEsW7wpKNCjG9DtNlClVuFLEZdDNbEs=
golang.org/x/text v0.3.0/go.mod h1:NqM8EUOU14njkJ3fqMW+pc6Ldnwhi/IjpwHt7yyuwOQ=
golang.org/x/text v0.3.2/go.mod h1:bEr9sfX3Q8Zfm5fL9x+3itogRgK3+ptLWKqgva+5dAk=
golang.org/x/tools v0.0.0-20180917221912-90fa682c2a6e/go.mod h1:n7NCudcB/nEzxVGmLbDWY5pfWTLqBcC2KZ6jyYvM4mQ=
golang.org/x/tools v0.0.0-20190710184609-286818132824/go.mod h1:jcCCGcm9btYwXyDqrUWc6MKQKKGJCWEQ3AfLSRIbEuI=
